
Microsoft Visual Studio Solution File, Format Version 12.00
# Visual Studio Version 17
VisualStudioVersion = 17.0.32112.339
MinimumVisualStudioVersion = 10.0.40219.1
Project("{9A19103F-16F7-4668-BE54-9A1E7A4F7556}") = "GameOfLife", "GameOfLife\GameOfLife.csproj", "{35FD6929-4223-4B84-89EB-B856DA8777EE}"
EndProject
Project("{9A19103F-16F7-4668-BE54-9A1E7A4F7556}") = "GameOfLife_Test", "GameOfLife_Test\GameOfLife_Test.csproj", "{5E21913D-E742-40F7-9B38-01B03362A9A8}"
EndProject
Global
	GlobalSection(SolutionConfigurationPlatforms) = preSolution
		Debug|Any CPU = Debug|Any CPU
		Release|Any CPU = Release|Any CPU
	EndGlobalSection
	GlobalSection(ProjectConfigurationPlatforms) = postSolution
		{35FD6929-4223-4B84-89EB-B856DA8777EE}.Debug|Any CPU.ActiveCfg = Debug|Any CPU
		{35FD6929-4223-4B84-89EB-B856DA8777EE}.Debug|Any CPU.Build.0 = Debug|Any CPU
		{35FD6929-4223-4B84-89EB-B856DA8777EE}.Release|Any CPU.ActiveCfg = Release|Any CPU
		{35FD6929-4223-4B84-89EB-B856DA8777EE}.Release|Any CPU.Build.0 = Release|Any CPU
		{5E21913D-E742-40F7-9B38-01B03362A9A8}.Debug|Any CPU.ActiveCfg = Debug|Any CPU
		{5E21913D-E742-40F7-9B38-01B03362A9A8}.Debug|Any CPU.Build.0 = Debug|Any CPU
		{5E21913D-E742-40F7-9B38-01B03362A9A8}.Release|Any CPU.ActiveCfg = Release|Any CPU
		{5E21913D-E742-40F7-9B38-01B03362A9A8}.Release|Any CPU.Build.0 = Release|Any CPU
	EndGlobalSection
	GlobalSection(SolutionProperties) = preSolution
		HideSolutionNode = FALSE
	EndGlobalSection
	GlobalSection(ExtensibilityGlobals) = postSolution
		SolutionGuid = {1B37EE3C-B5D0-4204-BE6E-360203B0C694}
	EndGlobalSection
EndGlobal
